
Microsoft Visual Studio Solution File, Format Version 12.00
# Visual Studio Version 17
VisualStudioVersion = 17.3.32804.467
MinimumVisualStudioVersion = 10.0.40219.1
Project("{2150E333-8FDC-42A3-9474-1A3956D46DE8}") = "src", "src", "{2F9A4B47-EF4B-4DA8-934E-661BBEE7A244}"
EndProject
Project("{9A19103F-16F7-4668-BE54-9A1E7A4F7556}") = "Sms", "src\Infrastructure\Sms\Sms.csproj", "{3D14B3C4-0BC7-4ED8-BD40-2823BF30457F}"
EndProject
Project("{2150E333-8FDC-42A3-9474-1A3956D46DE8}") = "Infrastructure", "Infrastructure", "{A7674FD8-37DF-4573-B2E0-C76E0CBBA8E7}"
EndProject
Project("{9A19103F-16F7-4668-BE54-9A1E7A4F7556}") = "WebUI", "src\WebUI\WebUI.csproj", "{3DB8DCB6-C5D8-4A07-849C-01EF697CBFCB}"
EndProject
Global
	GlobalSection(SolutionConfigurationPlatforms) = preSolution
		Debug|Any CPU = Debug|Any CPU
		Release|Any CPU = Release|Any CPU
	EndGlobalSection
	GlobalSection(ProjectConfigurationPlatforms) = postSolution
		{3D14B3C4-0BC7-4ED8-BD40-2823BF30457F}.Debug|Any CPU.ActiveCfg = Debug|Any CPU
		{3D14B3C4-0BC7-4ED8-BD40-2823BF30457F}.Debug|Any CPU.Build.0 = Debug|Any CPU
		{3D14B3C4-0BC7-4ED8-BD40-2823BF30457F}.Release|Any CPU.ActiveCfg = Release|Any CPU
		{3D14B3C4-0BC7-4ED8-BD40-2823BF30457F}.Release|Any CPU.Build.0 = Release|Any CPU
		{3DB8DCB6-C5D8-4A07-849C-01EF697CBFCB}.Debug|Any CPU.ActiveCfg = Debug|Any CPU
		{3DB8DCB6-C5D8-4A07-849C-01EF697CBFCB}.Debug|Any CPU.Build.0 = Debug|Any CPU
		{3DB8DCB6-C5D8-4A07-849C-01EF697CBFCB}.Release|Any CPU.ActiveCfg = Release|Any CPU
		{3DB8DCB6-C5D8-4A07-849C-01EF697CBFCB}.Release|Any CPU.Build.0 = Release|Any CPU
	EndGlobalSection
	GlobalSection(SolutionProperties) = preSolution
		HideSolutionNode = FALSE
	EndGlobalSection
	GlobalSection(NestedProjects) = preSolution
		{3D14B3C4-0BC7-4ED8-BD40-2823BF30457F} = {A7674FD8-37DF-4573-B2E0-C76E0CBBA8E7}
		{A7674FD8-37DF-4573-B2E0-C76E0CBBA8E7} = {2F9A4B47-EF4B-4DA8-934E-661BBEE7A244}
		{3DB8DCB6-C5D8-4A07-849C-01EF697CBFCB} = {2F9A4B47-EF4B-4DA8-934E-661BBEE7A244}
	EndGlobalSection
	GlobalSection(ExtensibilityGlobals) = postSolution
		SolutionGuid = {8BFCD3DE-FC27-4EA3-98CA-66093476368A}
	EndGlobalSection
EndGlobal
